lockfileVersion: '9.0'

settings:
  autoInstallPeers: true
  excludeLinksFromLockfile: false

importers:

  .:
    devDependencies:
      '@redocly/cli':
        specifier: 2.52.1
        version: 2.52.1
      js-yaml:
        specifier: ^5.0.0
        version: 5.4.2

packages:

  '@redocly/cli@2.52.1':
    resolution: {integrity: sha512-gwfx1WelVDHU/cw+GkpLV9+xksOI3obJGgL1nUVrAFUyXNDxM+aifXDUZk7BfbOIpF69Sea2ant0cOqbQfg/KQ==}
    engines: {node: '>=22.12.0 || >=20.19.0 <21.0.0', npm: '>=10'}
    hasBin: true

  argparse@2.0.1:
    resolution: {integrity: sha512-8+9WqebbFzpX9OR+Wa6O29asIogeRMzcGtAINdpMHHyAg10f05aSFVBbcEqGf/PXw1EjAZ+q2/bEBg3DvurK3Q==}

  js-yaml@5.4.2:
    resolution: {integrity: sha512-m+aqu+LwO1O6sIopafj8HUVl5aawITwZQe/yHpMCKjaWBaA/d07B/QdMb3529REftiU+RMMHL3Vlsw3hON7vWg==}
    hasBin: true

snapshots:

  '@redocly/cli@2.52.1': {}

  argparse@2.0.1: {}

  js-yaml@5.4.2:
    dependencies:
      argparse: 2.0.1
