lockfileVersion: '9.0'

settings:
  autoInstallPeers: true
  excludeLinksFromLockfile: false

importers:

  .:
    devDependencies:
      '@redocly/cli':
        specifier: 2.36.0
        version: 2.36.0
      js-yaml:
        specifier: ^5.0.0
        version: 5.2.0

packages:

  '@redocly/cli@2.36.0':
    resolution: {integrity: sha512-0ky8u/Zzx4zT35rJZY27KOuzXMI29JLt5FMbfzFV7AtVlK3DLjDmJjqprnhqUMJlt04R+FKSXahBZo1dUF6R5A==}
    engines: {node: '>=22.12.0 || >=20.19.0 <21.0.0', npm: '>=10'}
    hasBin: true

  argparse@2.0.1:
    resolution: {integrity: sha512-8+9WqebbFzpX9OR+Wa6O29asIogeRMzcGtAINdpMHHyAg10f05aSFVBbcEqGf/PXw1EjAZ+q2/bEBg3DvurK3Q==}

  js-yaml@5.2.0:
    resolution: {integrity: sha512-YeLUMlvR4Ou1B119LIaM0r65JvbOBooJDc9yEu0dClb/uSC5P4FrLU8OCCz/HXWvtPoIrR0dRzABTjo1sTN9Bw==}
    hasBin: true

snapshots:

  '@redocly/cli@2.36.0': {}

  argparse@2.0.1: {}

  js-yaml@5.2.0:
    dependencies:
      argparse: 2.0.1
